Microsoft Visual Studio Solution File, Format Version 12.00
# Visual Studio Version 17
VisualStudioVersion = 17.5.2.0
MinimumVisualStudioVersion = 10.0.40219.1
Project("{FAE04EC0-301F-11D3-BF4B-00C04F79EFBC}") = "KeglyaAimer", "KeglyaAimer.csproj", "{ED3BC4E8-5751-0D98-CD78-457B030334DA}"
EndProject
Global
	GlobalSection(SolutionConfigurationPlatforms) = preSolution
		Debug|Any CPU = Debug|Any CPU
		Release|Any CPU = Release|Any CPU
	EndGlobalSection
	GlobalSection(ProjectConfigurationPlatforms) = postSolution
		{ED3BC4E8-5751-0D98-CD78-457B030334DA}.Debug|Any CPU.ActiveCfg = Debug|Any CPU
		{ED3BC4E8-5751-0D98-CD78-457B030334DA}.Debug|Any CPU.Build.0 = Debug|Any CPU
		{ED3BC4E8-5751-0D98-CD78-457B030334DA}.Release|Any CPU.ActiveCfg = Release|Any CPU
		{ED3BC4E8-5751-0D98-CD78-457B030334DA}.Release|Any CPU.Build.0 = Release|Any CPU
	EndGlobalSection
	GlobalSection(SolutionProperties) = preSolution
		HideSolutionNode = FALSE
	EndGlobalSection
	GlobalSection(ExtensibilityGlobals) = postSolution
		SolutionGuid = {24627404-AF96-45DD-A223-277305CEED17}
	EndGlobalSection
EndGlobal
